// !$*UTF8*$!
{
	archiveVersion = 1;
	classes = {
	};
	objectVersion = 46;
	objects = {

/* Begin PBXBuildFile section */
		CA59E2D91E61734F00C0A632 /* AppDelegate.swift in Sources */ = {isa = PBXBuildFile; fileRef = CA59E2D81E61734F00C0A632 /* AppDelegate.swift */; };
		CA59E2DB1E61734F00C0A632 /* ViewController.swift in Sources */ = {isa = PBXBuildFile; fileRef = CA59E2DA1E61734F00C0A632 /* ViewController.swift */; };
		CA59E2DE1E61734F00C0A632 /* Main.storyboard in Resources */ = {isa = PBXBuildFile; fileRef = CA59E2DC1E61734F00C0A632 /* Main.storyboard */; };
		CA59E2E01E61734F00C0A632 /* Assets.xcassets in Resources */ = {isa = PBXBuildFile; fileRef = CA59E2DF1E61734F00C0A632 /* Assets.xcassets */; };
		CA59E2E31E61734F00C0A632 /* LaunchScreen.storyboard in Resources */ = {isa = PBXBuildFile; fileRef = CA59E2E11E61734F00C0A632 /* LaunchScreen.storyboard */; };
/* End PBXBuildFile section */

/* Begin PBXFileReference section */
		CA59E2D51E61734F00C0A632 /* Wheel Spin.app */ = {isa = PBXFileReference; explicitFileType = wrapper.application; includeInIndex = 0; path = "Wheel Spin.app"; sourceTree = BUILT_PRODUCTS_DIR; };
		CA59E2D81E61734F00C0A632 /* AppDelegate.swift */ = {isa = PBXFileReference; lastKnownFileType = sourcecode.swift; path = AppDelegate.swift; sourceTree = "<group>"; };
		CA59E2DA1E61734F00C0A632 /* ViewController.swift */ = {isa = PBXFileReference; lastKnownFileType = sourcecode.swift; path = ViewController.swift; sourceTree = "<group>"; };
		CA59E2DD1E61734F00C0A632 /* Base */ = {isa = PBXFileReference; lastKnownFileType = file.storyboard; name = Base; path = Base.lproj/Main.storyboard; sourceTree = "<group>"; };
		CA59E2DF1E61734F00C0A632 /* Assets.xcassets */ = {isa = PBXFileReference; lastKnownFileType = folder.assetcatalog; path = Assets.xcassets; sourceTree = "<group>"; };
		CA59E2E21E61734F00C0A632 /* Base */ = {isa = PBXFileReference; lastKnownFileType = file.storyboard; name = Base; path = Base.lproj/LaunchScreen.storyboard; sourceTree = "<group>"; };
		CA59E2E41E61734F00C0A632 /* Info.plist */ = {isa = PBXFileReference; lastKnownFileType = text.plist.xml; path = Info.plist; sourceTree = "<group>"; };
/* End PBXFileReference section */

/* Begin PBXFrameworksBuildPhase section */
		CA59E2D21E61734F00C0A632 /* Frameworks */ = {
			isa = PBXFrameworksBuildPhase;
			buildActionMask = 2147483647;
			files = (
			);
			runOnlyForDeploymentPostprocessing = 0;
		};
/* End PBXFrameworksBuildPhase section */

/* Begin PBXGroup section */
		CA59E2CC1E61734F00C0A632 = {
			isa = PBXGroup;
			children = (
				CA59E2D71E61734F00C0A632 /* Wheel Spin */,
				CA59E2D61E61734F00C0A632 /* Products */,
			);
			sourceTree = "<group>";
		};
		CA59E2D61E61734F00C0A632 /* Products */ = {
			isa = PBXGroup;
			children = (
				CA59E2D51E61734F00C0A632 /* Wheel Spin.app */,
			);
			name = Products;
			sourceTree = "<group>";
		};
		CA59E2D71E61734F00C0A632 /* Wheel Spin */ = {
			isa = PBXGroup;
			children = (
				CA59E2D81E61734F00C0A632 /* AppDelegate.swift */,
				CA59E2DA1E61734F00C0A632 /* ViewController.swift */,
				CA59E2DC1E61734F00C0A632 /* Main.storyboard */,
				CA59E2DF1E61734F00C0A632 /* Assets.xcassets */,
				CA59E2E11E61734F00C0A632 /* LaunchScreen.storyboard */,
				CA59E2E41E61734F00C0A632 /* Info.plist */,
			);
			path = "Wheel Spin";
			sourceTree = "<group>";
		};
/* End PBXGroup section */

/* Begin PBXNativeTarget section */
		CA59E2D41E61734F00C0A632 /* Wheel Spin */ = {
			isa = PBXNativeTarget;
			buildConfigurationList = CA59E2E71E61734F00C0A632 /* Build configuration list for PBXNativeTarget "Wheel Spin" */;
			buildPhases = (
				CA59E2D11E61734F00C0A632 /* Sources */,
				CA59E2D21E61734F00C0A632 /* Frameworks */,
				CA59E2D31E61734F00C0A632 /* Resources */,
			);
			buildRules = (
			);
			dependencies = (
			);
			name = "Wheel Spin";
			productName = "Wheel Spin";
			productReference = CA59E2D51E61734F00C0A632 /* Wheel Spin.app */;
			productType = "com.apple.product-type.application";
		};
/* End PBXNativeTarget section */

/* Begin PBXProject section */
		CA59E2CD1E61734F00C0A632 /* Project object */ = {
			isa = PBXProject;
			attributes = {
				LastSwiftUpdateCheck = 0820;
				LastUpgradeCheck = 0820;
				ORGANIZATIONNAME = EngJason;
				TargetAttributes = {
					CA59E2D41E61734F00C0A632 = {
						CreatedOnToolsVersion = 8.2.1;
						DevelopmentTeam = GE7Q79ULPB;
						ProvisioningStyle = Automatic;
					};
				};
			};
			buildConfigurationList = CA59E2D01E61734F00C0A632 /* Build configuration list for PBXProject "Wheel Spin" */;
			compatibilityVersion = "Xcode 3.2";
			developmentRegion = English;
			hasScannedForEncodings = 0;
			knownRegions = (
				en,
				Base,
			);
			mainGroup = CA59E2CC1E61734F00C0A632;
			productRefGroup = CA59E2D61E61734F00C0A632 /* Products */;
			projectDirPath = "";
			projectRoot = "";
			targets = (
				CA59E2D41E61734F00C0A632 /* Wheel Spin */,
			);
		};
/* End PBXProject section */

/* Begin PBXResourcesBuildPhase section */
		CA59E2D31E61734F00C0A632 /* Resources */ = {
			isa = PBXResourcesBuildPhase;
			buildActionMask = 2147483647;
			files = (
				CA59E2E31E61734F00C0A632 /* LaunchScreen.storyboard in Resources */,
				CA59E2E01E61734F00C0A632 /* Assets.xcassets in Resources */,
				CA59E2DE1E61734F00C0A632 /* Main.storyboard in Resources */,
			);
			runOnlyForDeploymentPostprocessing = 0;
		};
/* End PBXResourcesBuildPhase section */

/* Begin PBXSourcesBuildPhase section */
		CA59E2D11E61734F00C0A632 /* Sources */ = {
			isa = PBXSourcesBuildPhase;
			buildActionMask = 2147483647;
			files = (
				CA59E2DB1E61734F00C0A632 /* ViewController.swift in Sources */,
				CA59E2D91E61734F00C0A632 /* AppDelegate.swift in Sources */,
			);
			runOnlyForDeploymentPostprocessing = 0;
		};
/* End PBXSourcesBuildPhase section */

/* Begin PBXVariantGroup section */
		CA59E2DC1E61734F00C0A632 /* Main.storyboard */ = {
			isa = PBXVariantGroup;
			children = (
				CA59E2DD1E61734F00C0A632 /* Base */,
			);
			name = Main.storyboard;
			sourceTree = "<group>";
		};
		CA59E2E11E61734F00C0A632 /* LaunchScreen.storyboard */ = {
			isa = PBXVariantGroup;
			children = (
				CA59E2E21E61734F00C0A632 /* Base */,
			);
			name = LaunchScreen.storyboard;
			sourceTree = "<group>";
		};
/* End PBXVariantGroup section */

/* Begin XCBuildConfiguration section */
		CA59E2E51E61734F00C0A632 /* Debug */ = {
			isa = XCBuildConfiguration;
			buildSettings = {
				ALWAYS_SEARCH_USER_PATHS = NO;
				CLANG_ANALYZER_NONNULL = YES;
				CLANG_CXX_LANGUAGE_STANDARD = "gnu++0x";
				CLANG_CXX_LIBRARY = "libc++";
				CLANG_ENABLE_MODULES = YES;
				CLANG_ENABLE_OBJC_ARC = YES;
				CLANG_WARN_BOOL_CONVERSION = YES;
				CLANG_WARN_CONSTANT_CONVERSION = YES;
				CLANG_WARN_DIRECT_OBJC_ISA_USAGE = YES_ERROR;
				CLANG_WARN_DOCUMENTATION_COMMENTS = YES;
				CLANG_WARN_EMPTY_BODY = YES;
				CLANG_WARN_ENUM_CONVERSION = YES;
				CLANG_WARN_INFINITE_RECURSION = YES;
				CLANG_WARN_INT_CONVERSION = YES;
				CLANG_WARN_OBJC_ROOT_CLASS = YES_ERROR;
				CLANG_WARN_SUSPICIOUS_MOVE = YES;
				CLANG_WARN_UNREACHABLE_CODE = YES;
				CLANG_WARN__DUPLICATE_METHOD_MATCH = YES;
				"CODE_SIGN_IDENTITY[sdk=iphoneos*]" = "iPhone Developer";
				COPY_PHASE_STRIP = NO;
				DEBUG_INFORMATION_FORMAT = dwarf;
				ENABLE_STRICT_OBJC_MSGSEND = YES;
				ENABLE_TESTABILITY = YES;
				GCC_C_LANGUAGE_STANDARD = gnu99;
				GCC_DYNAMIC_NO_PIC = NO;
				GCC_NO_COMMON_BLOCKS = YES;
				GCC_OPTIMIZATION_LEVEL = 0;
				GCC_PREPROCESSOR_DEFINITIONS = (
					"DEBUG=1",
					"$(inherited)",
				);
				GCC_WARN_64_TO_32_BIT_CONVERSION = YES;
				GCC_WARN_ABOUT_RETURN_TYPE = YES_ERROR;
				GCC_WARN_UNDECLARED_SELECTOR = YES;
				GCC_WARN_UNINITIALIZED_AUTOS = YES_AGGRESSIVE;
				GCC_WARN_UNUSED_FUNCTION = YES;
				GCC_WARN_UNUSED_VARIABLE = YES;
				IPHONEOS_DEPLOYMENT_TARGET = 10.2;
				MTL_ENABLE_DEBUG_INFO = YES;
				ONLY_ACTIVE_ARCH = YES;
				SDKROOT = iphoneos;
				SWIFT_ACTIVE_COMPILATION_CONDITIONS = DEBUG;
				SWIFT_OPTIMIZATION_LEVEL = "-Onone";
				TARGETED_DEVICE_FAMILY = "1,2";
			};
			name = Debug;
		};
		CA59E2E61E61734F00C0A632 /* Release */ = {
			isa = XCBuildConfiguration;
			buildSettings = {
				ALWAYS_SEARCH_USER_PATHS = NO;
				CLANG_ANALYZER_NONNULL = YES;
				CLANG_CXX_LANGUAGE_STANDARD = "gnu++0x";
				CLANG_CXX_LIBRARY = "libc++";
				CLANG_ENABLE_MODULES = YES;
				CLANG_ENABLE_OBJC_ARC = YES;
				CLANG_WARN_BOOL_CONVERSION = YES;
				CLANG_WARN_CONSTANT_CONVERSION = YES;
				CLANG_WARN_DIRECT_OBJC_ISA_USAGE = YES_ERROR;
				CLANG_WARN_DOCUMENTATION_COMMENTS = YES;
				CLANG_WARN_EMPTY_BODY = YES;
				CLANG_WARN_ENUM_CONVERSION = YES;
				CLANG_WARN_INFINITE_RECURSION = YES;
				CLANG_WARN_INT_CONVERSION = YES;
				CLANG_WARN_OBJC_ROOT_CLASS = YES_ERROR;
				CLANG_WARN_SUSPICIOUS_MOVE = YES;
				CLANG_WARN_UNREACHABLE_CODE = YES;
				CLANG_WARN__DUPLICATE_METHOD_MATCH = YES;
				"CODE_SIGN_IDENTITY[sdk=iphoneos*]" = "iPhone Developer";
				COPY_PHASE_STRIP = NO;
				DEBUG_INFORMATION_FORMAT = "dwarf-with-dsym";
				ENABLE_NS_ASSERTIONS = NO;
				ENABLE_STRICT_OBJC_MSGSEND = YES;
				GCC_C_LANGUAGE_STANDARD = gnu99;
				GCC_NO_COMMON_BLOCKS = YES;
				GCC_WARN_64_TO_32_BIT_CONVERSION = YES;
				GCC_WARN_ABOUT_RETURN_TYPE = YES_ERROR;
				GCC_WARN_UNDECLARED_SELECTOR = YES;
				GCC_WARN_UNINITIALIZED_AUTOS = YES_AGGRESSIVE;
				GCC_WARN_UNUSED_FUNCTION = YES;
				GCC_WARN_UNUSED_VARIABLE = YES;
				IPHONEOS_DEPLOYMENT_TARGET = 10.2;
				MTL_ENABLE_DEBUG_INFO = NO;
				SDKROOT = iphoneos;
				SWIFT_OPTIMIZATION_LEVEL = "-Owholemodule";
				TARGETED_DEVICE_FAMILY = "1,2";
				VALIDATE_PRODUCT = YES;
			};
			name = Release;
		};
		CA59E2E81E61734F00C0A632 /* Debug */ = {
			isa = XCBuildConfiguration;
			buildSettings = {
				ASSETCATALOG_COMPILER_APPICON_NAME = AppIcon;
				DEVELOPMENT_TEAM = GE7Q79ULPB;
				INFOPLIST_FILE = "Wheel Spin/Info.plist";
				LD_RUNPATH_SEARCH_PATHS = "$(inherited) @executable_path/Frameworks";
				PRODUCT_BUNDLE_IDENTIFIER = "com.engjason.Wheel-Spin";
				PRODUCT_NAME = "$(TARGET_NAME)";
				SWIFT_VERSION = 3.0;
			};
			name = Debug;
		};
		CA59E2E91E61734F00C0A632 /* Release */ = {
			isa = XCBuildConfiguration;
			buildSettings = {
				ASSETCATALOG_COMPILER_APPICON_NAME = AppIcon;
				DEVELOPMENT_TEAM = GE7Q79ULPB;
				INFOPLIST_FILE = "Wheel Spin/Info.plist";
				LD_RUNPATH_SEARCH_PATHS = "$(inherited) @executable_path/Frameworks";
				PRODUCT_BUNDLE_IDENTIFIER = "com.engjason.Wheel-Spin";
				PRODUCT_NAME = "$(TARGET_NAME)";
				SWIFT_VERSION = 3.0;
			};
			name = Release;
		};
/* End XCBuildConfiguration section */

/* Begin XCConfigurationList section */
		CA59E2D01E61734F00C0A632 /* Build configuration list for PBXProject "Wheel Spin" */ = {
			isa = XCConfigurationList;
			buildConfigurations = (
				CA59E2E51E61734F00C0A632 /* Debug */,
				CA59E2E61E61734F00C0A632 /* Release */,
			);
			defaultConfigurationIsVisible = 0;
			defaultConfigurationName = Release;
		};
		CA59E2E71E61734F00C0A632 /* Build configuration list for PBXNativeTarget "Wheel Spin" */ = {
			isa = XCConfigurationList;
			buildConfigurations = (
				CA59E2E81E61734F00C0A632 /* Debug */,
				CA59E2E91E61734F00C0A632 /* Release */,
			);
			defaultConfigurationIsVisible = 0;
		};
/* End XCConfigurationList section */
	};
	rootObject = CA59E2CD1E61734F00C0A632 /* Project object */;
}
